// !$*UTF8*$!
{
	archiveVersion = 1;
	classes = {
	};
	objectVersion = 56;
	objects = {

/* Begin PBXBuildFile section */
		E925C06B296638990018028B /* StatisticsModel.swift in Sources */ = {isa = PBXBuildFile; fileRef = E925C06A296638990018028B /* StatisticsModel.swift */; };
		E925C06D296639930018028B /* StatisticView.swift in Sources */ = {isa = PBXBuildFile; fileRef = E925C06C296639930018028B /* StatisticView.swift */; };
		E925C06F29663D0D0018028B /* HomeStatsView.swift in Sources */ = {isa = PBXBuildFile; fileRef = E925C06E29663D0D0018028B /* HomeStatsView.swift */; };
		E925C071296642280018028B /* MarketDataModel.swift in Sources */ = {isa = PBXBuildFile; fileRef = E925C070296642280018028B /* MarketDataModel.swift */; };
		E925C0732966451A0018028B /* MarketDataService.swift in Sources */ = {isa = PBXBuildFile; fileRef = E925C0722966451A0018028B /* MarketDataService.swift */; };
		E940DA7F2968860000D95136 /* PortfolioView.swift in Sources */ = {isa = PBXBuildFile; fileRef = E940DA7E2968860000D95136 /* PortfolioView.swift */; };
		E940DA81296888BC00D95136 /* XMarkButton.swift in Sources */ = {isa = PBXBuildFile; fileRef = E940DA80296888BC00D95136 /* XMarkButton.swift */; };
		E940DA832968985500D95136 /* CoinLogoView.swift in Sources */ = {isa = PBXBuildFile; fileRef = E940DA822968985500D95136 /* CoinLogoView.swift */; };
		E940DA8529689B0200D95136 /* PortfolioViewComponents.swift in Sources */ = {isa = PBXBuildFile; fileRef = E940DA8429689B0200D95136 /* PortfolioViewComponents.swift */; };
		E940DA882968AD6300D95136 /* PortfolioContainer.xcdatamodeld in Sources */ = {isa = PBXBuildFile; fileRef = E940DA862968AD6300D95136 /* PortfolioContainer.xcdatamodeld */; };
		E940DA8A2968ADC800D95136 /* PortfolioDataService.swift in Sources */ = {isa = PBXBuildFile; fileRef = E940DA892968ADC800D95136 /* PortfolioDataService.swift */; };
		E940DA8C2968C70000D95136 /* HapticManager.swift in Sources */ = {isa = PBXBuildFile; fileRef = E940DA8B2968C70000D95136 /* HapticManager.swift */; };
		E9710E042969E14000B371DE /* DetailView.swift in Sources */ = {isa = PBXBuildFile; fileRef = E9710E032969E14000B371DE /* DetailView.swift */; };
		E9749EC62969EEE3000D285C /* CoinDetailModel.swift in Sources */ = {isa = PBXBuildFile; fileRef = E9749EC52969EEE3000D285C /* CoinDetailModel.swift */; };
		E9749EC82969EF3C000D285C /* String.swift in Sources */ = {isa = PBXBuildFile; fileRef = E9749EC72969EF3C000D285C /* String.swift */; };
		E9749ECA2969EFAD000D285C /* DetailViewModel.swift in Sources */ = {isa = PBXBuildFile; fileRef = E9749EC92969EFAD000D285C /* DetailViewModel.swift */; };
		E9749ECC2969EFDF000D285C /* CoinDetailDataService.swift in Sources */ = {isa = PBXBuildFile; fileRef = E9749ECB2969EFDF000D285C /* CoinDetailDataService.swift */; };
		E9763E54296B10C00012C232 /* DetailViewComponents.swift in Sources */ = {isa = PBXBuildFile; fileRef = E9763E53296B10C00012C232 /* DetailViewComponents.swift */; };
		E97CD147296372D200764A71 /* CryptoApp.swift in Sources */ = {isa = PBXBuildFile; fileRef = E97CD146296372D200764A71 /* CryptoApp.swift */; };
		E97CD14B296372D300764A71 /* Assets.xcassets in Resources */ = {isa = PBXBuildFile; fileRef = E97CD14A296372D300764A71 /* Assets.xcassets */; };
		E97CD14E296372D300764A71 /* Preview Assets.xcassets in Resources */ = {isa = PBXBuildFile; fileRef = E97CD14D296372D300764A71 /* Preview Assets.xcassets */; };
		E97CD1562963757000764A71 /* Color.swift in Sources */ = {isa = PBXBuildFile; fileRef = E97CD1552963757000764A71 /* Color.swift */; };
		E97CD15C296378F600764A71 /* HomeView.swift in Sources */ = {isa = PBXBuildFile; fileRef = E97CD15B296378F600764A71 /* HomeView.swift */; };
		E97CD16029637A4500764A71 /* CircleButtonView.swift in Sources */ = {isa = PBXBuildFile; fileRef = E97CD15F29637A4500764A71 /* CircleButtonView.swift */; };
		E97CD16329637F4F00764A71 /* CircleButtonAnimationView.swift in Sources */ = {isa = PBXBuildFile; fileRef = E97CD16229637F4F00764A71 /* CircleButtonAnimationView.swift */; };
		E97CD166296381C700764A71 /* HomeViewComponents.swift in Sources */ = {isa = PBXBuildFile; fileRef = E97CD165296381C700764A71 /* HomeViewComponents.swift */; };
		E97CD1692963846700764A71 /* CoinModel.swift in Sources */ = {isa = PBXBuildFile; fileRef = E97CD1682963846700764A71 /* CoinModel.swift */; };
		E97CD16B2963972F00764A71 /* CoinRowView.swift in Sources */ = {isa = PBXBuildFile; fileRef = E97CD16A2963972F00764A71 /* CoinRowView.swift */; };
		E97CD16D2963977300764A71 /* PreviewProvider.swift in Sources */ = {isa = PBXBuildFile; fileRef = E97CD16C2963977300764A71 /* PreviewProvider.swift */; };
		E97CD16F2963A06C00764A71 /* Double.swift in Sources */ = {isa = PBXBuildFile; fileRef = E97CD16E2963A06C00764A71 /* Double.swift */; };
		E97CD1712963AABC00764A71 /* CoinRowComponents.swift in Sources */ = {isa = PBXBuildFile; fileRef = E97CD1702963AABC00764A71 /* CoinRowComponents.swift */; };
		E97CD1732963B20500764A71 /* HomeViewModel.swift in Sources */ = {isa = PBXBuildFile; fileRef = E97CD1722963B20500764A71 /* HomeViewModel.swift */; };
		E9A5644D2965E930007B3859 /* CoinDataService.swift in Sources */ = {isa = PBXBuildFile; fileRef = E9A5644C2965E930007B3859 /* CoinDataService.swift */; };
		E9A564502965F2B6007B3859 /* NetworkingManager.swift in Sources */ = {isa = PBXBuildFile; fileRef = E9A5644F2965F2B6007B3859 /* NetworkingManager.swift */; };
		E9A564522965FB3B007B3859 /* CoinImageView.swift in Sources */ = {isa = PBXBuildFile; fileRef = E9A564512965FB3B007B3859 /* CoinImageView.swift */; };
		E9A564542965FD00007B3859 /* CoinImageService.swift in Sources */ = {isa = PBXBuildFile; fileRef = E9A564532965FD00007B3859 /* CoinImageService.swift */; };
		E9A564562965FEDA007B3859 /* CoinImageViewModel.swift in Sources */ = {isa = PBXBuildFile; fileRef = E9A564552965FEDA007B3859 /* CoinImageViewModel.swift */; };
		E9BF8FAC29660D29005BF427 /* LocalFileManager.swift in Sources */ = {isa = PBXBuildFile; fileRef = E9BF8FAB29660D29005BF427 /* LocalFileManager.swift */; };
		E9BF8FAE29661ECC005BF427 /* SearchBarView.swift in Sources */ = {isa = PBXBuildFile; fileRef = E9BF8FAD29661ECC005BF427 /* SearchBarView.swift */; };
		E9BF8FB02966240A005BF427 /* UIApplication.swift in Sources */ = {isa = PBXBuildFile; fileRef = E9BF8FAF2966240A005BF427 /* UIApplication.swift */; };
/* End PBXBuildFile section */

/* Begin PBXFileReference section */
		E925C06A296638990018028B /* StatisticsModel.swift */ = {isa = PBXFileReference; lastKnownFileType = sourcecode.swift; path = StatisticsModel.swift; sourceTree = "<group>"; };
		E925C06C296639930018028B /* StatisticView.swift */ = {isa = PBXFileReference; lastKnownFileType = sourcecode.swift; path = StatisticView.swift; sourceTree = "<group>"; };
		E925C06E29663D0D0018028B /* HomeStatsView.swift */ = {isa = PBXFileReference; lastKnownFileType = sourcecode.swift; path = HomeStatsView.swift; sourceTree = "<group>"; };
		E925C070296642280018028B /* MarketDataModel.swift */ = {isa = PBXFileReference; lastKnownFileType = sourcecode.swift; path = MarketDataModel.swift; sourceTree = "<group>"; };
		E925C0722966451A0018028B /* MarketDataService.swift */ = {isa = PBXFileReference; lastKnownFileType = sourcecode.swift; path = MarketDataService.swift; sourceTree = "<group>"; };
		E940DA7E2968860000D95136 /* PortfolioView.swift */ = {isa = PBXFileReference; lastKnownFileType = sourcecode.swift; path = PortfolioView.swift; sourceTree = "<group>"; };
		E940DA80296888BC00D95136 /* XMarkButton.swift */ = {isa = PBXFileReference; lastKnownFileType = sourcecode.swift; path = XMarkButton.swift; sourceTree = "<group>"; };
		E940DA822968985500D95136 /* CoinLogoView.swift */ = {isa = PBXFileReference; lastKnownFileType = sourcecode.swift; path = CoinLogoView.swift; sourceTree = "<group>"; };
		E940DA8429689B0200D95136 /* PortfolioViewComponents.swift */ = {isa = PBXFileReference; lastKnownFileType = sourcecode.swift; path = PortfolioViewComponents.swift; sourceTree = "<group>"; };
		E940DA872968AD6300D95136 /* PortfolioContainer.xcdatamodel */ = {isa = PBXFileReference; lastKnownFileType = wrapper.xcdatamodel; path = PortfolioContainer.xcdatamodel; sourceTree = "<group>"; };
		E940DA892968ADC800D95136 /* PortfolioDataService.swift */ = {isa = PBXFileReference; lastKnownFileType = sourcecode.swift; path = PortfolioDataService.swift; sourceTree = "<group>"; };
		E940DA8B2968C70000D95136 /* HapticManager.swift */ = {isa = PBXFileReference; lastKnownFileType = sourcecode.swift; path = HapticManager.swift; sourceTree = "<group>"; };
		E9710E032969E14000B371DE /* DetailView.swift */ = {isa = PBXFileReference; lastKnownFileType = sourcecode.swift; path = DetailView.swift; sourceTree = "<group>"; };
		E9749EC52969EEE3000D285C /* CoinDetailModel.swift */ = {isa = PBXFileReference; lastKnownFileType = sourcecode.swift; path = CoinDetailModel.swift; sourceTree = "<group>"; };
		E9749EC72969EF3C000D285C /* String.swift */ = {isa = PBXFileReference; lastKnownFileType = sourcecode.swift; path = String.swift; sourceTree = "<group>"; };
		E9749EC92969EFAD000D285C /* DetailViewModel.swift */ = {isa = PBXFileReference; lastKnownFileType = sourcecode.swift; path = DetailViewModel.swift; sourceTree = "<group>"; };
		E9749ECB2969EFDF000D285C /* CoinDetailDataService.swift */ = {isa = PBXFileReference; lastKnownFileType = sourcecode.swift; path = CoinDetailDataService.swift; sourceTree = "<group>"; };
		E9763E53296B10C00012C232 /* DetailViewComponents.swift */ = {isa = PBXFileReference; lastKnownFileType = sourcecode.swift; path = DetailViewComponents.swift; sourceTree = "<group>"; };
		E97CD143296372D200764A71 /* Crypto.app */ = {isa = PBXFileReference; explicitFileType = wrapper.application; includeInIndex = 0; path = Crypto.app; sourceTree = BUILT_PRODUCTS_DIR; };
		E97CD146296372D200764A71 /* CryptoApp.swift */ = {isa = PBXFileReference; lastKnownFileType = sourcecode.swift; path = CryptoApp.swift; sourceTree = "<group>"; };
		E97CD14A296372D300764A71 /* Assets.xcassets */ = {isa = PBXFileReference; lastKnownFileType = folder.assetcatalog; path = Assets.xcassets; sourceTree = "<group>"; };
		E97CD14D296372D300764A71 /* Preview Assets.xcassets */ = {isa = PBXFileReference; lastKnownFileType = folder.assetcatalog; path = "Preview Assets.xcassets"; sourceTree = "<group>"; };
		E97CD1552963757000764A71 /* Color.swift */ = {isa = PBXFileReference; lastKnownFileType = sourcecode.swift; path = Color.swift; sourceTree = "<group>"; };
		E97CD15B296378F600764A71 /* HomeView.swift */ = {isa = PBXFileReference; lastKnownFileType = sourcecode.swift; path = HomeView.swift; sourceTree = "<group>"; };
		E97CD15F29637A4500764A71 /* CircleButtonView.swift */ = {isa = PBXFileReference; lastKnownFileType = sourcecode.swift; path = CircleButtonView.swift; sourceTree = "<group>"; };
		E97CD16229637F4F00764A71 /* CircleButtonAnimationView.swift */ = {isa = PBXFileReference; lastKnownFileType = sourcecode.swift; path = CircleButtonAnimationView.swift; sourceTree = "<group>"; };
		E97CD165296381C700764A71 /* HomeViewComponents.swift */ = {isa = PBXFileReference; lastKnownFileType = sourcecode.swift; path = HomeViewComponents.swift; sourceTree = "<group>"; };
		E97CD1682963846700764A71 /* CoinModel.swift */ = {isa = PBXFileReference; lastKnownFileType = sourcecode.swift; path = CoinModel.swift; sourceTree = "<group>"; };
		E97CD16A2963972F00764A71 /* CoinRowView.swift */ = {isa = PBXFileReference; lastKnownFileType = sourcecode.swift; path = CoinRowView.swift; sourceTree = "<group>"; };
		E97CD16C2963977300764A71 /* PreviewProvider.swift */ = {isa = PBXFileReference; lastKnownFileType = sourcecode.swift; path = PreviewProvider.swift; sourceTree = "<group>"; };
		E97CD16E2963A06C00764A71 /* Double.swift */ = {isa = PBXFileReference; lastKnownFileType = sourcecode.swift; path = Double.swift; sourceTree = "<group>"; };
		E97CD1702963AABC00764A71 /* CoinRowComponents.swift */ = {isa = PBXFileReference; lastKnownFileType = sourcecode.swift; path = CoinRowComponents.swift; sourceTree = "<group>"; };
		E97CD1722963B20500764A71 /* HomeViewModel.swift */ = {isa = PBXFileReference; lastKnownFileType = sourcecode.swift; path = HomeViewModel.swift; sourceTree = "<group>"; };
		E9A5644C2965E930007B3859 /* CoinDataService.swift */ = {isa = PBXFileReference; lastKnownFileType = sourcecode.swift; path = CoinDataService.swift; sourceTree = "<group>"; };
		E9A5644F2965F2B6007B3859 /* NetworkingManager.swift */ = {isa = PBXFileReference; lastKnownFileType = sourcecode.swift; path = NetworkingManager.swift; sourceTree = "<group>"; };
		E9A564512965FB3B007B3859 /* CoinImageView.swift */ = {isa = PBXFileReference; lastKnownFileType = sourcecode.swift; path = CoinImageView.swift; sourceTree = "<group>"; };
		E9A564532965FD00007B3859 /* CoinImageService.swift */ = {isa = PBXFileReference; lastKnownFileType = sourcecode.swift; path = CoinImageService.swift; sourceTree = "<group>"; };
		E9A564552965FEDA007B3859 /* CoinImageViewModel.swift */ = {isa = PBXFileReference; lastKnownFileType = sourcecode.swift; path = CoinImageViewModel.swift; sourceTree = "<group>"; };
		E9BF8FAB29660D29005BF427 /* LocalFileManager.swift */ = {isa = PBXFileReference; lastKnownFileType = sourcecode.swift; path = LocalFileManager.swift; sourceTree = "<group>"; };
		E9BF8FAD29661ECC005BF427 /* SearchBarView.swift */ = {isa = PBXFileReference; lastKnownFileType = sourcecode.swift; path = SearchBarView.swift; sourceTree = "<group>"; };
		E9BF8FAF2966240A005BF427 /* UIApplication.swift */ = {isa = PBXFileReference; lastKnownFileType = sourcecode.swift; path = UIApplication.swift; sourceTree = "<group>"; };
/* End PBXFileReference section */

/* Begin PBXFrameworksBuildPhase section */
		E97CD140296372D200764A71 /* Frameworks */ = {
			isa = PBXFrameworksBuildPhase;
			buildActionMask = 2147483647;
			files = (
			);
			runOnlyForDeploymentPostprocessing = 0;
		};
/* End PBXFrameworksBuildPhase section */

/* Begin PBXGroup section */
		E97CD13A296372D200764A71 = {
			isa = PBXGroup;
			children = (
				E97CD145296372D200764A71 /* Crypto */,
				E97CD144296372D200764A71 /* Products */,
			);
			sourceTree = "<group>";
		};
		E97CD144296372D200764A71 /* Products */ = {
			isa = PBXGroup;
			children = (
				E97CD143296372D200764A71 /* Crypto.app */,
			);
			name = Products;
			sourceTree = "<group>";
		};
		E97CD145296372D200764A71 /* Crypto */ = {
			isa = PBXGroup;
			children = (
				E97CD146296372D200764A71 /* CryptoApp.swift */,
				E97CD1672963842C00764A71 /* Models */,
				E97CD157296378B500764A71 /* Core */,
				E97CD1542963754E00764A71 /* Extensions */,
				E9A5644E2965F288007B3859 /* Utilities */,
				E9A5644B2965E90D007B3859 /* Services */,
				E97CD14A296372D300764A71 /* Assets.xcassets */,
				E97CD14C296372D300764A71 /* Preview Content */,
			);
			path = Crypto;
			sourceTree = "<group>";
		};
		E97CD14C296372D300764A71 /* Preview Content */ = {
			isa = PBXGroup;
			children = (
				E97CD14D296372D300764A71 /* Preview Assets.xcassets */,
			);
			path = "Preview Content";
			sourceTree = "<group>";
		};
		E97CD1542963754E00764A71 /* Extensions */ = {
			isa = PBXGroup;
			children = (
				E97CD1552963757000764A71 /* Color.swift */,
				E97CD16C2963977300764A71 /* PreviewProvider.swift */,
				E97CD16E2963A06C00764A71 /* Double.swift */,
				E9BF8FAF2966240A005BF427 /* UIApplication.swift */,
				E9749EC72969EF3C000D285C /* String.swift */,
			);
			path = Extensions;
			sourceTree = "<group>";
		};
		E97CD157296378B500764A71 /* Core */ = {
			isa = PBXGroup;
			children = (
				E97CD15D29637A1D00764A71 /* Components */,
				E97CD158296378CD00764A71 /* Home */,
			);
			path = Core;
			sourceTree = "<group>";
		};
		E97CD158296378CD00764A71 /* Home */ = {
			isa = PBXGroup;
			children = (
				E97CD15A296378E100764A71 /* ViewModels */,
				E97CD159296378DB00764A71 /* Views */,
			);
			path = Home;
			sourceTree = "<group>";
		};
		E97CD159296378DB00764A71 /* Views */ = {
			isa = PBXGroup;
			children = (
				E9A564512965FB3B007B3859 /* CoinImageView.swift */,
				E97CD15B296378F600764A71 /* HomeView.swift */,
				E97CD16A2963972F00764A71 /* CoinRowView.swift */,
				E925C06E29663D0D0018028B /* HomeStatsView.swift */,
				E940DA7E2968860000D95136 /* PortfolioView.swift */,
				E9710E032969E14000B371DE /* DetailView.swift */,
			);
			path = Views;
			sourceTree = "<group>";
		};
		E97CD15A296378E100764A71 /* ViewModels */ = {
			isa = PBXGroup;
			children = (
				E97CD1722963B20500764A71 /* HomeViewModel.swift */,
				E9A564552965FEDA007B3859 /* CoinImageViewModel.swift */,
				E9749EC92969EFAD000D285C /* DetailViewModel.swift */,
			);
			path = ViewModels;
			sourceTree = "<group>";
		};
		E97CD15D29637A1D00764A71 /* Components */ = {
			isa = PBXGroup;
			children = (
				E97CD1702963AABC00764A71 /* CoinRowComponents.swift */,
				E97CD165296381C700764A71 /* HomeViewComponents.swift */,
				E97CD15E29637A2800764A71 /* CircleButton */,
				E9BF8FAD29661ECC005BF427 /* SearchBarView.swift */,
				E925C06C296639930018028B /* StatisticView.swift */,
				E940DA80296888BC00D95136 /* XMarkButton.swift */,
				E940DA822968985500D95136 /* CoinLogoView.swift */,
				E940DA8429689B0200D95136 /* PortfolioViewComponents.swift */,
				E9763E53296B10C00012C232 /* DetailViewComponents.swift */,
			);
			path = Components;
			sourceTree = "<group>";
		};
		E97CD15E29637A2800764A71 /* CircleButton */ = {
			isa = PBXGroup;
			children = (
				E97CD15F29637A4500764A71 /* CircleButtonView.swift */,
				E97CD16229637F4F00764A71 /* CircleButtonAnimationView.swift */,
			);
			path = CircleButton;
			sourceTree = "<group>";
		};
		E97CD1672963842C00764A71 /* Models */ = {
			isa = PBXGroup;
			children = (
				E97CD1682963846700764A71 /* CoinModel.swift */,
				E925C06A296638990018028B /* StatisticsModel.swift */,
				E925C070296642280018028B /* MarketDataModel.swift */,
				E940DA862968AD6300D95136 /* PortfolioContainer.xcdatamodeld */,
				E9749EC52969EEE3000D285C /* CoinDetailModel.swift */,
			);
			path = Models;
			sourceTree = "<group>";
		};
		E9A5644B2965E90D007B3859 /* Services */ = {
			isa = PBXGroup;
			children = (
				E9A5644C2965E930007B3859 /* CoinDataService.swift */,
				E9A564532965FD00007B3859 /* CoinImageService.swift */,
				E925C0722966451A0018028B /* MarketDataService.swift */,
				E940DA892968ADC800D95136 /* PortfolioDataService.swift */,
				E9749ECB2969EFDF000D285C /* CoinDetailDataService.swift */,
			);
			path = Services;
			sourceTree = "<group>";
		};
		E9A5644E2965F288007B3859 /* Utilities */ = {
			isa = PBXGroup;
			children = (
				E9A5644F2965F2B6007B3859 /* NetworkingManager.swift */,
				E9BF8FAB29660D29005BF427 /* LocalFileManager.swift */,
				E940DA8B2968C70000D95136 /* HapticManager.swift */,
			);
			path = Utilities;
			sourceTree = "<group>";
		};
/* End PBXGroup section */

/* Begin PBXNativeTarget section */
		E97CD142296372D200764A71 /* Crypto */ = {
			isa = PBXNativeTarget;
			buildConfigurationList = E97CD151296372D300764A71 /* Build configuration list for PBXNativeTarget "Crypto" */;
			buildPhases = (
				E97CD13F296372D200764A71 /* Sources */,
				E97CD140296372D200764A71 /* Frameworks */,
				E97CD141296372D200764A71 /* Resources */,
			);
			buildRules = (
			);
			dependencies = (
			);
			name = Crypto;
			productName = Crypto;
			productReference = E97CD143296372D200764A71 /* Crypto.app */;
			productType = "com.apple.product-type.application";
		};
/* End PBXNativeTarget section */

/* Begin PBXProject section */
		E97CD13B296372D200764A71 /* Project object */ = {
			isa = PBXProject;
			attributes = {
				BuildIndependentTargetsInParallel = 1;
				LastSwiftUpdateCheck = 1400;
				LastUpgradeCheck = 1400;
				TargetAttributes = {
					E97CD142296372D200764A71 = {
						CreatedOnToolsVersion = 14.0.1;
					};
				};
			};
			buildConfigurationList = E97CD13E296372D200764A71 /* Build configuration list for PBXProject "Crypto" */;
			compatibilityVersion = "Xcode 14.0";
			developmentRegion = en;
			hasScannedForEncodings = 0;
			knownRegions = (
				en,
				Base,
			);
			mainGroup = E97CD13A296372D200764A71;
			productRefGroup = E97CD144296372D200764A71 /* Products */;
			projectDirPath = "";
			projectRoot = "";
			targets = (
				E97CD142296372D200764A71 /* Crypto */,
			);
		};
/* End PBXProject section */

/* Begin PBXResourcesBuildPhase section */
		E97CD141296372D200764A71 /* Resources */ = {
			isa = PBXResourcesBuildPhase;
			buildActionMask = 2147483647;
			files = (
				E97CD14E296372D300764A71 /* Preview Assets.xcassets in Resources */,
				E97CD14B296372D300764A71 /* Assets.xcassets in Resources */,
			);
			runOnlyForDeploymentPostprocessing = 0;
		};
/* End PBXResourcesBuildPhase section */

/* Begin PBXSourcesBuildPhase section */
		E97CD13F296372D200764A71 /* Sources */ = {
			isa = PBXSourcesBuildPhase;
			buildActionMask = 2147483647;
			files = (
				E97CD16B2963972F00764A71 /* CoinRowView.swift in Sources */,
				E97CD15C296378F600764A71 /* HomeView.swift in Sources */,
				E940DA8C2968C70000D95136 /* HapticManager.swift in Sources */,
				E9763E54296B10C00012C232 /* DetailViewComponents.swift in Sources */,
				E9A564542965FD00007B3859 /* CoinImageService.swift in Sources */,
				E97CD147296372D200764A71 /* CryptoApp.swift in Sources */,
				E97CD16029637A4500764A71 /* CircleButtonView.swift in Sources */,
				E925C0732966451A0018028B /* MarketDataService.swift in Sources */,
				E940DA832968985500D95136 /* CoinLogoView.swift in Sources */,
				E925C06B296638990018028B /* StatisticsModel.swift in Sources */,
				E940DA8A2968ADC800D95136 /* PortfolioDataService.swift in Sources */,
				E940DA882968AD6300D95136 /* PortfolioContainer.xcdatamodeld in Sources */,
				E97CD1712963AABC00764A71 /* CoinRowComponents.swift in Sources */,
				E925C071296642280018028B /* MarketDataModel.swift in Sources */,
				E9A5644D2965E930007B3859 /* CoinDataService.swift in Sources */,
				E97CD1562963757000764A71 /* Color.swift in Sources */,
				E925C06D296639930018028B /* StatisticView.swift in Sources */,
				E9710E042969E14000B371DE /* DetailView.swift in Sources */,
				E9BF8FB02966240A005BF427 /* UIApplication.swift in Sources */,
				E9A564562965FEDA007B3859 /* CoinImageViewModel.swift in Sources */,
				E9749ECC2969EFDF000D285C /* CoinDetailDataService.swift in Sources */,
				E9749EC62969EEE3000D285C /* CoinDetailModel.swift in Sources */,
				E940DA8529689B0200D95136 /* PortfolioViewComponents.swift in Sources */,
				E940DA81296888BC00D95136 /* XMarkButton.swift in Sources */,
				E97CD16329637F4F00764A71 /* CircleButtonAnimationView.swift in Sources */,
				E925C06F29663D0D0018028B /* HomeStatsView.swift in Sources */,
				E97CD1732963B20500764A71 /* HomeViewModel.swift in Sources */,
				E9BF8FAC29660D29005BF427 /* LocalFileManager.swift in Sources */,
				E9BF8FAE29661ECC005BF427 /* SearchBarView.swift in Sources */,
				E97CD166296381C700764A71 /* HomeViewComponents.swift in Sources */,
				E97CD16D2963977300764A71 /* PreviewProvider.swift in Sources */,
				E9A564522965FB3B007B3859 /* CoinImageView.swift in Sources */,
				E97CD16F2963A06C00764A71 /* Double.swift in Sources */,
				E9749ECA2969EFAD000D285C /* DetailViewModel.swift in Sources */,
				E97CD1692963846700764A71 /* CoinModel.swift in Sources */,
				E9749EC82969EF3C000D285C /* String.swift in Sources */,
				E9A564502965F2B6007B3859 /* NetworkingManager.swift in Sources */,
				E940DA7F2968860000D95136 /* PortfolioView.swift in Sources */,
			);
			runOnlyForDeploymentPostprocessing = 0;
		};
/* End PBXSourcesBuildPhase section */

/* Begin XCBuildConfiguration section */
		E97CD14F296372D300764A71 /* Debug */ = {
			isa = XCBuildConfiguration;
			buildSettings = {
				ALWAYS_SEARCH_USER_PATHS = NO;
				CLANG_ANALYZER_NONNULL = YES;
				CLANG_ANALYZER_NUMBER_OBJECT_CONVERSION = YES_AGGRESSIVE;
				CLANG_CXX_LANGUAGE_STANDARD = "gnu++20";
				CLANG_ENABLE_MODULES = YES;
				CLANG_ENABLE_OBJC_ARC = YES;
				CLANG_ENABLE_OBJC_WEAK = YES;
				CLANG_WARN_BLOCK_CAPTURE_AUTORELEASING = YES;
				CLANG_WARN_BOOL_CONVERSION = YES;
				CLANG_WARN_COMMA = YES;
				CLANG_WARN_CONSTANT_CONVERSION = YES;
				CLANG_WARN_DEPRECATED_OBJC_IMPLEMENTATIONS = YES;
				CLANG_WARN_DIRECT_OBJC_ISA_USAGE = YES_ERROR;
				CLANG_WARN_DOCUMENTATION_COMMENTS = YES;
				CLANG_WARN_EMPTY_BODY = YES;
				CLANG_WARN_ENUM_CONVERSION = YES;
				CLANG_WARN_INFINITE_RECURSION = YES;
				CLANG_WARN_INT_CONVERSION = YES;
				CLANG_WARN_NON_LITERAL_NULL_CONVERSION = YES;
				CLANG_WARN_OBJC_IMPLICIT_RETAIN_SELF = YES;
				CLANG_WARN_OBJC_LITERAL_CONVERSION = YES;
				CLANG_WARN_OBJC_ROOT_CLASS = YES_ERROR;
				CLANG_WARN_QUOTED_INCLUDE_IN_FRAMEWORK_HEADER = YES;
				CLANG_WARN_RANGE_LOOP_ANALYSIS = YES;
				CLANG_WARN_STRICT_PROTOTYPES = YES;
				CLANG_WARN_SUSPICIOUS_MOVE = YES;
				CLANG_WARN_UNGUARDED_AVAILABILITY = YES_AGGRESSIVE;
				CLANG_WARN_UNREACHABLE_CODE = YES;
				CLANG_WARN__DUPLICATE_METHOD_MATCH = YES;
				COPY_PHASE_STRIP = NO;
				DEBUG_INFORMATION_FORMAT = dwarf;
				ENABLE_STRICT_OBJC_MSGSEND = YES;
				ENABLE_TESTABILITY = YES;
				GCC_C_LANGUAGE_STANDARD = gnu11;
				GCC_DYNAMIC_NO_PIC = NO;
				GCC_NO_COMMON_BLOCKS = YES;
				GCC_OPTIMIZATION_LEVEL = 0;
				GCC_PREPROCESSOR_DEFINITIONS = (
					"DEBUG=1",
					"$(inherited)",
				);
				GCC_WARN_64_TO_32_BIT_CONVERSION = YES;
				GCC_WARN_ABOUT_RETURN_TYPE = YES_ERROR;
				GCC_WARN_UNDECLARED_SELECTOR = YES;
				GCC_WARN_UNINITIALIZED_AUTOS = YES_AGGRESSIVE;
				GCC_WARN_UNUSED_FUNCTION = YES;
				GCC_WARN_UNUSED_VARIABLE = YES;
				IPHONEOS_DEPLOYMENT_TARGET = 16.0;
				MTL_ENABLE_DEBUG_INFO = INCLUDE_SOURCE;
				MTL_FAST_MATH = YES;
				ONLY_ACTIVE_ARCH = YES;
				SDKROOT = iphoneos;
				SWIFT_ACTIVE_COMPILATION_CONDITIONS = DEBUG;
				SWIFT_OPTIMIZATION_LEVEL = "-Onone";
			};
			name = Debug;
		};
		E97CD150296372D300764A71 /* Release */ = {
			isa = XCBuildConfiguration;
			buildSettings = {
				ALWAYS_SEARCH_USER_PATHS = NO;
				CLANG_ANALYZER_NONNULL = YES;
				CLANG_ANALYZER_NUMBER_OBJECT_CONVERSION = YES_AGGRESSIVE;
				CLANG_CXX_LANGUAGE_STANDARD = "gnu++20";
				CLANG_ENABLE_MODULES = YES;
				CLANG_ENABLE_OBJC_ARC = YES;
				CLANG_ENABLE_OBJC_WEAK = YES;
				CLANG_WARN_BLOCK_CAPTURE_AUTORELEASING = YES;
				CLANG_WARN_BOOL_CONVERSION = YES;
				CLANG_WARN_COMMA = YES;
				CLANG_WARN_CONSTANT_CONVERSION = YES;
				CLANG_WARN_DEPRECATED_OBJC_IMPLEMENTATIONS = YES;
				CLANG_WARN_DIRECT_OBJC_ISA_USAGE = YES_ERROR;
				CLANG_WARN_DOCUMENTATION_COMMENTS = YES;
				CLANG_WARN_EMPTY_BODY = YES;
				CLANG_WARN_ENUM_CONVERSION = YES;
				CLANG_WARN_INFINITE_RECURSION = YES;
				CLANG_WARN_INT_CONVERSION = YES;
				CLANG_WARN_NON_LITERAL_NULL_CONVERSION = YES;
				CLANG_WARN_OBJC_IMPLICIT_RETAIN_SELF = YES;
				CLANG_WARN_OBJC_LITERAL_CONVERSION = YES;
				CLANG_WARN_OBJC_ROOT_CLASS = YES_ERROR;
				CLANG_WARN_QUOTED_INCLUDE_IN_FRAMEWORK_HEADER = YES;
				CLANG_WARN_RANGE_LOOP_ANALYSIS = YES;
				CLANG_WARN_STRICT_PROTOTYPES = YES;
				CLANG_WARN_SUSPICIOUS_MOVE = YES;
				CLANG_WARN_UNGUARDED_AVAILABILITY = YES_AGGRESSIVE;
				CLANG_WARN_UNREACHABLE_CODE = YES;
				CLANG_WARN__DUPLICATE_METHOD_MATCH = YES;
				COPY_PHASE_STRIP = NO;
				DEBUG_INFORMATION_FORMAT = "dwarf-with-dsym";
				ENABLE_NS_ASSERTIONS = NO;
				ENABLE_STRICT_OBJC_MSGSEND = YES;
				GCC_C_LANGUAGE_STANDARD = gnu11;
				GCC_NO_COMMON_BLOCKS = YES;
				GCC_WARN_64_TO_32_BIT_CONVERSION = YES;
				GCC_WARN_ABOUT_RETURN_TYPE = YES_ERROR;
				GCC_WARN_UNDECLARED_SELECTOR = YES;
				GCC_WARN_UNINITIALIZED_AUTOS = YES_AGGRESSIVE;
				GCC_WARN_UNUSED_FUNCTION = YES;
				GCC_WARN_UNUSED_VARIABLE = YES;
				IPHONEOS_DEPLOYMENT_TARGET = 16.0;
				MTL_ENABLE_DEBUG_INFO = NO;
				MTL_FAST_MATH = YES;
				SDKROOT = iphoneos;
				SWIFT_COMPILATION_MODE = wholemodule;
				SWIFT_OPTIMIZATION_LEVEL = "-O";
				VALIDATE_PRODUCT = YES;
			};
			name = Release;
		};
		E97CD152296372D300764A71 /* Debug */ = {
			isa = XCBuildConfiguration;
			buildSettings = {
				ASSETCATALOG_COMPILER_APPICON_NAME = AppIcon;
				ASSETCATALOG_COMPILER_GLOBAL_ACCENT_COLOR_NAME = AccentColor;
				CODE_SIGN_STYLE = Automatic;
				CURRENT_PROJECT_VERSION = 1;
				DEVELOPMENT_ASSET_PATHS = "\"Crypto/Preview Content\"";
				DEVELOPMENT_TEAM = 5S88AY6J4R;
				ENABLE_PREVIEWS = YES;
				GENERATE_INFOPLIST_FILE = YES;
				INFOPLIST_KEY_CFBundleDisplayName = Crypto;
				INFOPLIST_KEY_UIApplicationSceneManifest_Generation = YES;
				INFOPLIST_KEY_UIApplicationSupportsIndirectInputEvents = YES;
				INFOPLIST_KEY_UILaunchScreen_Generation = YES;
				INFOPLIST_KEY_UISupportedInterfaceOrientations = UIInterfaceOrientationPortrait;
				LD_RUNPATH_SEARCH_PATHS = (
					"$(inherited)",
					"@executable_path/Frameworks",
				);
				MARKETING_VERSION = 1.0;
				PRODUCT_BUNDLE_IDENTIFIER = br.ufpe.cin.academy.tmc4.Crypto;
				PRODUCT_NAME = "$(TARGET_NAME)";
				SWIFT_EMIT_LOC_STRINGS = YES;
				SWIFT_VERSION = 5.0;
				TARGETED_DEVICE_FAMILY = "1,2";
			};
			name = Debug;
		};
		E97CD153296372D300764A71 /* Release */ = {
			isa = XCBuildConfiguration;
			buildSettings = {
				ASSETCATALOG_COMPILER_APPICON_NAME = AppIcon;
				ASSETCATALOG_COMPILER_GLOBAL_ACCENT_COLOR_NAME = AccentColor;
				CODE_SIGN_STYLE = Automatic;
				CURRENT_PROJECT_VERSION = 1;
				DEVELOPMENT_ASSET_PATHS = "\"Crypto/Preview Content\"";
				DEVELOPMENT_TEAM = 5S88AY6J4R;
				ENABLE_PREVIEWS = YES;
				GENERATE_INFOPLIST_FILE = YES;
				INFOPLIST_KEY_CFBundleDisplayName = Crypto;
				INFOPLIST_KEY_UIApplicationSceneManifest_Generation = YES;
				INFOPLIST_KEY_UIApplicationSupportsIndirectInputEvents = YES;
				INFOPLIST_KEY_UILaunchScreen_Generation = YES;
				INFOPLIST_KEY_UISupportedInterfaceOrientations = UIInterfaceOrientationPortrait;
				LD_RUNPATH_SEARCH_PATHS = (
					"$(inherited)",
					"@executable_path/Frameworks",
				);
				MARKETING_VERSION = 1.0;
				PRODUCT_BUNDLE_IDENTIFIER = br.ufpe.cin.academy.tmc4.Crypto;
				PRODUCT_NAME = "$(TARGET_NAME)";
				SWIFT_EMIT_LOC_STRINGS = YES;
				SWIFT_VERSION = 5.0;
				TARGETED_DEVICE_FAMILY = "1,2";
			};
			name = Release;
		};
/* End XCBuildConfiguration section */

/* Begin XCConfigurationList section */
		E97CD13E296372D200764A71 /* Build configuration list for PBXProject "Crypto" */ = {
			isa = XCConfigurationList;
			buildConfigurations = (
				E97CD14F296372D300764A71 /* Debug */,
				E97CD150296372D300764A71 /* Release */,
			);
			defaultConfigurationIsVisible = 0;
			defaultConfigurationName = Release;
		};
		E97CD151296372D300764A71 /* Build configuration list for PBXNativeTarget "Crypto" */ = {
			isa = XCConfigurationList;
			buildConfigurations = (
				E97CD152296372D300764A71 /* Debug */,
				E97CD153296372D300764A71 /* Release */,
			);
			defaultConfigurationIsVisible = 0;
			defaultConfigurationName = Release;
		};
/* End XCConfigurationList section */

/* Begin XCVersionGroup section */
		E940DA862968AD6300D95136 /* PortfolioContainer.xcdatamodeld */ = {
			isa = XCVersionGroup;
			children = (
				E940DA872968AD6300D95136 /* PortfolioContainer.xcdatamodel */,
			);
			currentVersion = E940DA872968AD6300D95136 /* PortfolioContainer.xcdatamodel */;
			path = PortfolioContainer.xcdatamodeld;
			sourceTree = "<group>";
			versionGroupType = wrapper.xcdatamodel;
		};
/* End XCVersionGroup section */
	};
	rootObject = E97CD13B296372D200764A71 /* Project object */;
}
